// !$*UTF8*$!
{
	archiveVersion = 1;
	classes = {
	};
	objectVersion = 50;
	objects = {

/* Begin PBXBuildFile section */
		FDD6609023EBE7FB00672BC2 /* AppDelegate.swift in Sources */ = {isa = PBXBuildFile; fileRef = FDD6608F23EBE7FB00672BC2 /* AppDelegate.swift */; };
		FDD6609223EBE7FB00672BC2 /* SceneDelegate.swift in Sources */ = {isa = PBXBuildFile; fileRef = FDD6609123EBE7FB00672BC2 /* SceneDelegate.swift */; };
		FDD6609423EBE7FB00672BC2 /* ViewController.swift in Sources */ = {isa = PBXBuildFile; fileRef = FDD6609323EBE7FB00672BC2 /* ViewController.swift */; };
		FDD6609723EBE7FB00672BC2 /* Main.storyboard in Resources */ = {isa = PBXBuildFile; fileRef = FDD6609523EBE7FB00672BC2 /* Main.storyboard */; };
		FDD6609923EBE7FB00672BC2 /* Assets.xcassets in Resources */ = {isa = PBXBuildFile; fileRef = FDD6609823EBE7FB00672BC2 /* Assets.xcassets */; };
		FDD6609C23EBE7FB00672BC2 /* LaunchScreen.storyboard in Resources */ = {isa = PBXBuildFile; fileRef = FDD6609A23EBE7FB00672BC2 /* LaunchScreen.storyboard */; };
/* End PBXBuildFile section */

/* Begin PBXFileReference section */
		FDD6608C23EBE7FB00672BC2 /* NetSwift.app */ = {isa = PBXFileReference; explicitFileType = wrapper.application; includeInIndex = 0; path = NetSwift.app; sourceTree = BUILT_PRODUCTS_DIR; };
		FDD6608F23EBE7FB00672BC2 /* AppDelegate.swift */ = {isa = PBXFileReference; lastKnownFileType = sourcecode.swift; path = AppDelegate.swift; sourceTree = "<group>"; };
		FDD6609123EBE7FB00672BC2 /* SceneDelegate.swift */ = {isa = PBXFileReference; lastKnownFileType = sourcecode.swift; path = SceneDelegate.swift; sourceTree = "<group>"; };
		FDD6609323EBE7FB00672BC2 /* ViewController.swift */ = {isa = PBXFileReference; lastKnownFileType = sourcecode.swift; path = ViewController.swift; sourceTree = "<group>"; };
		FDD6609623EBE7FB00672BC2 /* Base */ = {isa = PBXFileReference; lastKnownFileType = file.storyboard; name = Base; path = Base.lproj/Main.storyboard; sourceTree = "<group>"; };
		FDD6609823EBE7FB00672BC2 /* Assets.xcassets */ = {isa = PBXFileReference; lastKnownFileType = folder.assetcatalog; path = Assets.xcassets; sourceTree = "<group>"; };
		FDD6609B23EBE7FB00672BC2 /* Base */ = {isa = PBXFileReference; lastKnownFileType = file.storyboard; name = Base; path = Base.lproj/LaunchScreen.storyboard; sourceTree = "<group>"; };
		FDD6609D23EBE7FB00672BC2 /* Info.plist */ = {isa = PBXFileReference; lastKnownFileType = text.plist.xml; path = Info.plist; sourceTree = "<group>"; };
/* End PBXFileReference section */

/* Begin PBXFrameworksBuildPhase section */
		FDD6608923EBE7FB00672BC2 /* Frameworks */ = {
			isa = PBXFrameworksBuildPhase;
			buildActionMask = 2147483647;
			files = (
			);
			runOnlyForDeploymentPostprocessing = 0;
		};
/* End PBXFrameworksBuildPhase section */

/* Begin PBXGroup section */
		FDD6608323EBE7FB00672BC2 = {
			isa = PBXGroup;
			children = (
				FDD6608E23EBE7FB00672BC2 /* NetSwift */,
				FDD6608D23EBE7FB00672BC2 /* Products */,
			);
			sourceTree = "<group>";
		};
		FDD6608D23EBE7FB00672BC2 /* Products */ = {
			isa = PBXGroup;
			children = (
				FDD6608C23EBE7FB00672BC2 /* NetSwift.app */,
			);
			name = Products;
			sourceTree = "<group>";
		};
		FDD6608E23EBE7FB00672BC2 /* NetSwift */ = {
			isa = PBXGroup;
			children = (
				FDD6608F23EBE7FB00672BC2 /* AppDelegate.swift */,
				FDD6609123EBE7FB00672BC2 /* SceneDelegate.swift */,
				FDD6609323EBE7FB00672BC2 /* ViewController.swift */,
				FDD6609523EBE7FB00672BC2 /* Main.storyboard */,
				FDD6609823EBE7FB00672BC2 /* Assets.xcassets */,
				FDD6609A23EBE7FB00672BC2 /* LaunchScreen.storyboard */,
				FDD6609D23EBE7FB00672BC2 /* Info.plist */,
			);
			path = NetSwift;
			sourceTree = "<group>";
		};
/* End PBXGroup section */

/* Begin PBXNativeTarget section */
		FDD6608B23EBE7FB00672BC2 /* NetSwift */ = {
			isa = PBXNativeTarget;
			buildConfigurationList = FDD660A023EBE7FB00672BC2 /* Build configuration list for PBXNativeTarget "NetSwift" */;
			buildPhases = (
				FDD6608823EBE7FB00672BC2 /* Sources */,
				FDD6608923EBE7FB00672BC2 /* Frameworks */,
				FDD6608A23EBE7FB00672BC2 /* Resources */,
			);
			buildRules = (
			);
			dependencies = (
			);
			name = NetSwift;
			productName = NetSwift;
			productReference = FDD6608C23EBE7FB00672BC2 /* NetSwift.app */;
			productType = "com.apple.product-type.application";
		};
/* End PBXNativeTarget section */

/* Begin PBXProject section */
		FDD6608423EBE7FB00672BC2 /* Project object */ = {
			isa = PBXProject;
			attributes = {
				LastSwiftUpdateCheck = 1110;
				LastUpgradeCheck = 1110;
				ORGANIZATIONNAME = hubilon;
				TargetAttributes = {
					FDD6608B23EBE7FB00672BC2 = {
						CreatedOnToolsVersion = 11.1;
					};
				};
			};
			buildConfigurationList = FDD6608723EBE7FB00672BC2 /* Build configuration list for PBXProject "NetSwift" */;
			compatibilityVersion = "Xcode 9.3";
			developmentRegion = en;
			hasScannedForEncodings = 0;
			knownRegions = (
				en,
				Base,
			);
			mainGroup = FDD6608323EBE7FB00672BC2;
			productRefGroup = FDD6608D23EBE7FB00672BC2 /* Products */;
			projectDirPath = "";
			projectRoot = "";
			targets = (
				FDD6608B23EBE7FB00672BC2 /* NetSwift */,
			);
		};
/* End PBXProject section */

/* Begin PBXResourcesBuildPhase section */
		FDD6608A23EBE7FB00672BC2 /* Resources */ = {
			isa = PBXResourcesBuildPhase;
			buildActionMask = 2147483647;
			files = (
				FDD6609C23EBE7FB00672BC2 /* LaunchScreen.storyboard in Resources */,
				FDD6609923EBE7FB00672BC2 /* Assets.xcassets in Resources */,
				FDD6609723EBE7FB00672BC2 /* Main.storyboard in Resources */,
			);
			runOnlyForDeploymentPostprocessing = 0;
		};
/* End PBXResourcesBuildPhase section */

/* Begin PBXSourcesBuildPhase section */
		FDD6608823EBE7FB00672BC2 /* Sources */ = {
			isa = PBXSourcesBuildPhase;
			buildActionMask = 2147483647;
			files = (
				FDD6609423EBE7FB00672BC2 /* ViewController.swift in Sources */,
				FDD6609023EBE7FB00672BC2 /* AppDelegate.swift in Sources */,
				FDD6609223EBE7FB00672BC2 /* SceneDelegate.swift in Sources */,
			);
			runOnlyForDeploymentPostprocessing = 0;
		};
/* End PBXSourcesBuildPhase section */

/* Begin PBXVariantGroup section */
		FDD6609523EBE7FB00672BC2 /* Main.storyboard */ = {
			isa = PBXVariantGroup;
			children = (
				FDD6609623EBE7FB00672BC2 /* Base */,
			);
			name = Main.storyboard;
			sourceTree = "<group>";
		};
		FDD6609A23EBE7FB00672BC2 /* LaunchScreen.storyboard */ = {
			isa = PBXVariantGroup;
			children = (
				FDD6609B23EBE7FB00672BC2 /* Base */,
			);
			name = LaunchScreen.storyboard;
			sourceTree = "<group>";
		};
/* End PBXVariantGroup section */

/* Begin XCBuildConfiguration section */
		FDD6609E23EBE7FB00672BC2 /* Debug */ = {
			isa = XCBuildConfiguration;
			buildSettings = {
				ALWAYS_SEARCH_USER_PATHS = NO;
				CLANG_ANALYZER_NONNULL = YES;
				CLANG_ANALYZER_NUMBER_OBJECT_CONVERSION = YES_AGGRESSIVE;
				CLANG_CXX_LANGUAGE_STANDARD = "gnu++14";
				CLANG_CXX_LIBRARY = "libc++";
				CLANG_ENABLE_MODULES = YES;
				CLANG_ENABLE_OBJC_ARC = YES;
				CLANG_ENABLE_OBJC_WEAK = YES;
				CLANG_WARN_BLOCK_CAPTURE_AUTORELEASING = YES;
				CLANG_WARN_BOOL_CONVERSION = YES;
				CLANG_WARN_COMMA = YES;
				CLANG_WARN_CONSTANT_CONVERSION = YES;
				CLANG_WARN_DEPRECATED_OBJC_IMPLEMENTATIONS = YES;
				CLANG_WARN_DIRECT_OBJC_ISA_USAGE = YES_ERROR;
				CLANG_WARN_DOCUMENTATION_COMMENTS = YES;
				CLANG_WARN_EMPTY_BODY = YES;
				CLANG_WARN_ENUM_CONVERSION = YES;
				CLANG_WARN_INFINITE_RECURSION = YES;
				CLANG_WARN_INT_CONVERSION = YES;
				CLANG_WARN_NON_LITERAL_NULL_CONVERSION = YES;
				CLANG_WARN_OBJC_IMPLICIT_RETAIN_SELF = YES;
				CLANG_WARN_OBJC_LITERAL_CONVERSION = YES;
				CLANG_WARN_OBJC_ROOT_CLASS = YES_ERROR;
				CLANG_WARN_RANGE_LOOP_ANALYSIS = YES;
				CLANG_WARN_STRICT_PROTOTYPES = YES;
				CLANG_WARN_SUSPICIOUS_MOVE = YES;
				CLANG_WARN_UNGUARDED_AVAILABILITY = YES_AGGRESSIVE;
				CLANG_WARN_UNREACHABLE_CODE = YES;
				CLANG_WARN__DUPLICATE_METHOD_MATCH = YES;
				COPY_PHASE_STRIP = NO;
				DEBUG_INFORMATION_FORMAT = dwarf;
				ENABLE_STRICT_OBJC_MSGSEND = YES;
				ENABLE_TESTABILITY = YES;
				GCC_C_LANGUAGE_STANDARD = gnu11;
				GCC_DYNAMIC_NO_PIC = NO;
				GCC_NO_COMMON_BLOCKS = YES;
				GCC_OPTIMIZATION_LEVEL = 0;
				GCC_PREPROCESSOR_DEFINITIONS = (
					"DEBUG=1",
					"$(inherited)",
				);
				GCC_WARN_64_TO_32_BIT_CONVERSION = YES;
				GCC_WARN_ABOUT_RETURN_TYPE = YES_ERROR;
				GCC_WARN_UNDECLARED_SELECTOR = YES;
				GCC_WARN_UNINITIALIZED_AUTOS = YES_AGGRESSIVE;
				GCC_WARN_UNUSED_FUNCTION = YES;
				GCC_WARN_UNUSED_VARIABLE = YES;
				IPHONEOS_DEPLOYMENT_TARGET = 13.1;
				MTL_ENABLE_DEBUG_INFO = INCLUDE_SOURCE;
				MTL_FAST_MATH = YES;
				ONLY_ACTIVE_ARCH = YES;
				SDKROOT = iphoneos;
				SWIFT_ACTIVE_COMPILATION_CONDITIONS = DEBUG;
				SWIFT_OPTIMIZATION_LEVEL = "-Onone";
			};
			name = Debug;
		};
		FDD6609F23EBE7FB00672BC2 /* Release */ = {
			isa = XCBuildConfiguration;
			buildSettings = {
				ALWAYS_SEARCH_USER_PATHS = NO;
				CLANG_ANALYZER_NONNULL = YES;
				CLANG_ANALYZER_NUMBER_OBJECT_CONVERSION = YES_AGGRESSIVE;
				CLANG_CXX_LANGUAGE_STANDARD = "gnu++14";
				CLANG_CXX_LIBRARY = "libc++";
				CLANG_ENABLE_MODULES = YES;
				CLANG_ENABLE_OBJC_ARC = YES;
				CLANG_ENABLE_OBJC_WEAK = YES;
				CLANG_WARN_BLOCK_CAPTURE_AUTORELEASING = YES;
				CLANG_WARN_BOOL_CONVERSION = YES;
				CLANG_WARN_COMMA = YES;
				CLANG_WARN_CONSTANT_CONVERSION = YES;
				CLANG_WARN_DEPRECATED_OBJC_IMPLEMENTATIONS = YES;
				CLANG_WARN_DIRECT_OBJC_ISA_USAGE = YES_ERROR;
				CLANG_WARN_DOCUMENTATION_COMMENTS = YES;
				CLANG_WARN_EMPTY_BODY = YES;
				CLANG_WARN_ENUM_CONVERSION = YES;
				CLANG_WARN_INFINITE_RECURSION = YES;
				CLANG_WARN_INT_CONVERSION = YES;
				CLANG_WARN_NON_LITERAL_NULL_CONVERSION = YES;
				CLANG_WARN_OBJC_IMPLICIT_RETAIN_SELF = YES;
				CLANG_WARN_OBJC_LITERAL_CONVERSION = YES;
				CLANG_WARN_OBJC_ROOT_CLASS = YES_ERROR;
				CLANG_WARN_RANGE_LOOP_ANALYSIS = YES;
				CLANG_WARN_STRICT_PROTOTYPES = YES;
				CLANG_WARN_SUSPICIOUS_MOVE = YES;
				CLANG_WARN_UNGUARDED_AVAILABILITY = YES_AGGRESSIVE;
				CLANG_WARN_UNREACHABLE_CODE = YES;
				CLANG_WARN__DUPLICATE_METHOD_MATCH = YES;
				COPY_PHASE_STRIP = NO;
				DEBUG_INFORMATION_FORMAT = "dwarf-with-dsym";
				ENABLE_NS_ASSERTIONS = NO;
				ENABLE_STRICT_OBJC_MSGSEND = YES;
				GCC_C_LANGUAGE_STANDARD = gnu11;
				GCC_NO_COMMON_BLOCKS = YES;
				GCC_WARN_64_TO_32_BIT_CONVERSION = YES;
				GCC_WARN_ABOUT_RETURN_TYPE = YES_ERROR;
				GCC_WARN_UNDECLARED_SELECTOR = YES;
				GCC_WARN_UNINITIALIZED_AUTOS = YES_AGGRESSIVE;
				GCC_WARN_UNUSED_FUNCTION = YES;
				GCC_WARN_UNUSED_VARIABLE = YES;
				IPHONEOS_DEPLOYMENT_TARGET = 13.1;
				MTL_ENABLE_DEBUG_INFO = NO;
				MTL_FAST_MATH = YES;
				SDKROOT = iphoneos;
				SWIFT_COMPILATION_MODE = wholemodule;
				SWIFT_OPTIMIZATION_LEVEL = "-O";
				VALIDATE_PRODUCT = YES;
			};
			name = Release;
		};
		FDD660A123EBE7FB00672BC2 /* Debug */ = {
			isa = XCBuildConfiguration;
			buildSettings = {
				ASSETCATALOG_COMPILER_APPICON_NAME = AppIcon;
				CODE_SIGN_STYLE = Automatic;
				DEVELOPMENT_TEAM = 53YWRKWHMG;
				INFOPLIST_FILE = NetSwift/Info.plist;
				LD_RUNPATH_SEARCH_PATHS = (
					"$(inherited)",
					"@executable_path/Frameworks",
				);
				PRODUCT_BUNDLE_IDENTIFIER = com.hubilon.NetSwift;
				PRODUCT_NAME = "$(TARGET_NAME)";
				SWIFT_VERSION = 5.0;
				TARGETED_DEVICE_FAMILY = "1,2";
			};
			name = Debug;
		};
		FDD660A223EBE7FB00672BC2 /* Release */ = {
			isa = XCBuildConfiguration;
			buildSettings = {
				ASSETCATALOG_COMPILER_APPICON_NAME = AppIcon;
				CODE_SIGN_STYLE = Automatic;
				DEVELOPMENT_TEAM = 53YWRKWHMG;
				INFOPLIST_FILE = NetSwift/Info.plist;
				LD_RUNPATH_SEARCH_PATHS = (
					"$(inherited)",
					"@executable_path/Frameworks",
				);
				PRODUCT_BUNDLE_IDENTIFIER = com.hubilon.NetSwift;
				PRODUCT_NAME = "$(TARGET_NAME)";
				SWIFT_VERSION = 5.0;
				TARGETED_DEVICE_FAMILY = "1,2";
			};
			name = Release;
		};
/* End XCBuildConfiguration section */

/* Begin XCConfigurationList section */
		FDD6608723EBE7FB00672BC2 /* Build configuration list for PBXProject "NetSwift" */ = {
			isa = XCConfigurationList;
			buildConfigurations = (
				FDD6609E23EBE7FB00672BC2 /* Debug */,
				FDD6609F23EBE7FB00672BC2 /* Release */,
			);
			defaultConfigurationIsVisible = 0;
			defaultConfigurationName = Release;
		};
		FDD660A023EBE7FB00672BC2 /* Build configuration list for PBXNativeTarget "NetSwift" */ = {
			isa = XCConfigurationList;
			buildConfigurations = (
				FDD660A123EBE7FB00672BC2 /* Debug */,
				FDD660A223EBE7FB00672BC2 /* Release */,
			);
			defaultConfigurationIsVisible = 0;
			defaultConfigurationName = Release;
		};
/* End XCConfigurationList section */
	};
	rootObject = FDD6608423EBE7FB00672BC2 /* Project object */;
}
